
Microsoft Visual Studio Solution File, Format Version 12.00
# Visual Studio Version 17
VisualStudioVersion = 17.3.32819.101
MinimumVisualStudioVersion = 10.0.40219.1
Project("{FAE04EC0-301F-11D3-BF4B-00C04F79EFBC}") = "MyDictionary", "MyDictionary\MyDictionary.csproj", "{F15ED8E6-1428-4E29-852E-89F337073B32}"
EndProject
Global
	GlobalSection(SolutionConfigurationPlatforms) = preSolution
		Debug|Any CPU = Debug|Any CPU
		Release|Any CPU = Release|Any CPU
	EndGlobalSection
	GlobalSection(ProjectConfigurationPlatforms) = postSolution
		{F15ED8E6-1428-4E29-852E-89F337073B32}.Debug|Any CPU.ActiveCfg = Debug|Any CPU
		{F15ED8E6-1428-4E29-852E-89F337073B32}.Debug|Any CPU.Build.0 = Debug|Any CPU
		{F15ED8E6-1428-4E29-852E-89F337073B32}.Release|Any CPU.ActiveCfg = Release|Any CPU
		{F15ED8E6-1428-4E29-852E-89F337073B32}.Release|Any CPU.Build.0 = Release|Any CPU
	EndGlobalSection
	GlobalSection(SolutionProperties) = preSolution
		HideSolutionNode = FALSE
	EndGlobalSection
	GlobalSection(ExtensibilityGlobals) = postSolution
		SolutionGuid = {40E46E5B-918B-4B9B-B6E8-3E7A97ADB487}
	EndGlobalSection
EndGlobal
